Microsoft Visual Studio Solution File, Format Version 12.00
# Visual Studio 2012
Project("{FAE04EC0-301F-11D3-BF4B-00C04F79EFBC}") = "2DMultiplayerCourse", "2DMultiplayerCourse.csproj", "{30905D5B-0A9E-48C2-B56C-D509A308AA4E}"
EndProject
Global
	GlobalSection(SolutionConfigurationPlatforms) = preSolution
	Debug|Any CPU = Debug|Any CPU
	ExportDebug|Any CPU = ExportDebug|Any CPU
	ExportRelease|Any CPU = ExportRelease|Any CPU
	EndGlobalSection
	GlobalSection(ProjectConfigurationPlatforms) = postSolution
		{30905D5B-0A9E-48C2-B56C-D509A308AA4E}.Debug|Any CPU.ActiveCfg = Debug|Any CPU
		{30905D5B-0A9E-48C2-B56C-D509A308AA4E}.Debug|Any CPU.Build.0 = Debug|Any CPU
		{30905D5B-0A9E-48C2-B56C-D509A308AA4E}.ExportDebug|Any CPU.ActiveCfg = ExportDebug|Any CPU
		{30905D5B-0A9E-48C2-B56C-D509A308AA4E}.ExportDebug|Any CPU.Build.0 = ExportDebug|Any CPU
		{30905D5B-0A9E-48C2-B56C-D509A308AA4E}.ExportRelease|Any CPU.ActiveCfg = ExportRelease|Any CPU
		{30905D5B-0A9E-48C2-B56C-D509A308AA4E}.ExportRelease|Any CPU.Build.0 = ExportRelease|Any CPU
	EndGlobalSection
EndGlobal
